
Microsoft Visual Studio Solution File, Format Version 12.00
# Visual Studio Version 17
VisualStudioVersion = 17.6.33801.468
MinimumVisualStudioVersion = 10.0.40219.1
Project("{FAE04EC0-301F-11D3-BF4B-00C04F79EFBC}") = "KaktuszokCLI", "KaktuszokCLI\KaktuszokCLI.csproj", "{9E5F3800-7AEA-4627-956C-25DF8AE897A4}"
EndProject
Project("{2150E333-8FDC-42A3-9474-1A3956D46DE8}") = "SPEC", "SPEC", "{948799FE-5062-4127-8F90-14E0D2AAC1C0}"
EndProject
Project("{FAE04EC0-301F-11D3-BF4B-00C04F79EFBC}") = "KaktuszokGUI", "KaktuszokGUI\KaktuszokGUI.csproj", "{BFFFB66E-01D7-457B-A7DD-E87A8FD3058A}"
EndProject
Global
	GlobalSection(SolutionConfigurationPlatforms) = preSolution
		Debug|Any CPU = Debug|Any CPU
		Release|Any CPU = Release|Any CPU
	EndGlobalSection
	GlobalSection(ProjectConfigurationPlatforms) = postSolution
		{9E5F3800-7AEA-4627-956C-25DF8AE897A4}.Debug|Any CPU.ActiveCfg = Debug|Any CPU
		{9E5F3800-7AEA-4627-956C-25DF8AE897A4}.Debug|Any CPU.Build.0 = Debug|Any CPU
		{9E5F3800-7AEA-4627-956C-25DF8AE897A4}.Release|Any CPU.ActiveCfg = Release|Any CPU
		{9E5F3800-7AEA-4627-956C-25DF8AE897A4}.Release|Any CPU.Build.0 = Release|Any CPU
		{BFFFB66E-01D7-457B-A7DD-E87A8FD3058A}.Debug|Any CPU.ActiveCfg = Debug|Any CPU
		{BFFFB66E-01D7-457B-A7DD-E87A8FD3058A}.Debug|Any CPU.Build.0 = Debug|Any CPU
		{BFFFB66E-01D7-457B-A7DD-E87A8FD3058A}.Release|Any CPU.ActiveCfg = Release|Any CPU
		{BFFFB66E-01D7-457B-A7DD-E87A8FD3058A}.Release|Any CPU.Build.0 = Release|Any CPU
	EndGlobalSection
	GlobalSection(SolutionProperties) = preSolution
		HideSolutionNode = FALSE
	EndGlobalSection
	GlobalSection(ExtensibilityGlobals) = postSolution
		SolutionGuid = {15135F54-9EA5-435E-A256-BD561393D1A3}
	EndGlobalSection
EndGlobal
